
Microsoft Visual Studio Solution File, Format Version 12.00
# Visual Studio Version 16
VisualStudioVersion = 16.0.29926.136
MinimumVisualStudioVersion = 10.0.40219.1
Project("{FAE04EC0-301F-11D3-BF4B-00C04F79EFBC}") = "Newtella-Winforms", "Newtella-Winforms\Newtella-Winforms.csproj", "{0D19A782-9DB9-44F8-B4F5-C2A104D71F6D}"
EndProject
Global
	GlobalSection(SolutionConfigurationPlatforms) = preSolution
		Debug|Any CPU = Debug|Any CPU
		Release|Any CPU = Release|Any CPU
	EndGlobalSection
	GlobalSection(ProjectConfigurationPlatforms) = postSolution
		{0D19A782-9DB9-44F8-B4F5-C2A104D71F6D}.Debug|Any CPU.ActiveCfg = Debug|Any CPU
		{0D19A782-9DB9-44F8-B4F5-C2A104D71F6D}.Debug|Any CPU.Build.0 = Debug|Any CPU
		{0D19A782-9DB9-44F8-B4F5-C2A104D71F6D}.Release|Any CPU.ActiveCfg = Release|Any CPU
		{0D19A782-9DB9-44F8-B4F5-C2A104D71F6D}.Release|Any CPU.Build.0 = Release|Any CPU
	EndGlobalSection
	GlobalSection(SolutionProperties) = preSolution
		HideSolutionNode = FALSE
	EndGlobalSection
	GlobalSection(ExtensibilityGlobals) = postSolution
		SolutionGuid = {22A6B562-390A-468A-BAC8-64FE1BAD8051}
	EndGlobalSection
EndGlobal
